
Microsoft Visual Studio Solution File, Format Version 12.00
# Visual Studio Version 16
VisualStudioVersion = 16.0.31105.61
MinimumVisualStudioVersion = 10.0.40219.1
Project("{FAE04EC0-301F-11D3-BF4B-00C04F79EFBC}") = "ShipmentsOnTheMapIndexingTool", "ShipmentsOnTheMapIndexingTool.csproj", "{585372A8-0D04-4004-BA9E-A69B2542B3BB}"
EndProject
Global
	GlobalSection(SolutionConfigurationPlatforms) = preSolution
		Debug|Any CPU = Debug|Any CPU
		Release|Any CPU = Release|Any CPU
	EndGlobalSection
	GlobalSection(ProjectConfigurationPlatforms) = postSolution
		{585372A8-0D04-4004-BA9E-A69B2542B3BB}.Debug|Any CPU.ActiveCfg = Debug|Any CPU
		{585372A8-0D04-4004-BA9E-A69B2542B3BB}.Debug|Any CPU.Build.0 = Debug|Any CPU
		{585372A8-0D04-4004-BA9E-A69B2542B3BB}.Release|Any CPU.ActiveCfg = Release|Any CPU
		{585372A8-0D04-4004-BA9E-A69B2542B3BB}.Release|Any CPU.Build.0 = Release|Any CPU
	EndGlobalSection
	GlobalSection(SolutionProperties) = preSolution
		HideSolutionNode = FALSE
	EndGlobalSection
	GlobalSection(ExtensibilityGlobals) = postSolution
		SolutionGuid = {1747E06F-8EB1-46D6-8B7E-5F2954BF709E}
	EndGlobalSection
EndGlobal
